// !$*UTF8*$!
{
	archiveVersion = 1;
	classes = {
	};
	objectVersion = 46;
	objects = {

/* Begin PBXBuildFile section */
		C09A31FD1B73C71D00D2625B /* main.m in Sources */ = {isa = PBXBuildFile; fileRef = C09A31FC1B73C71D00D2625B /* main.m */; };
		C09A32001B73C71D00D2625B /* AppDelegate.m in Sources */ = {isa = PBXBuildFile; fileRef = C09A31FF1B73C71D00D2625B /* AppDelegate.m */; };
		C09A32031B73C71D00D2625B /* ViewController.m in Sources */ = {isa = PBXBuildFile; fileRef = C09A32021B73C71D00D2625B /* ViewController.m */; };
		C09A32061B73C71D00D2625B /* Main.storyboard in Resources */ = {isa = PBXBuildFile; fileRef = C09A32041B73C71D00D2625B /* Main.storyboard */; };
		C09A32081B73C71D00D2625B /* Images.xcassets in Resources */ = {isa = PBXBuildFile; fileRef = C09A32071B73C71D00D2625B /* Images.xcassets */; };
		C09A320B1B73C71D00D2625B /* LaunchScreen.xib in Resources */ = {isa = PBXBuildFile; fileRef = C09A32091B73C71D00D2625B /* LaunchScreen.xib */; };
		C09A32171B73C71D00D2625B /* kvc____Tests.m in Sources */ = {isa = PBXBuildFile; fileRef = C09A32161B73C71D00D2625B /* kvc____Tests.m */; };
/* End PBXBuildFile section */

/* Begin PBXContainerItemProxy section */
		C09A32111B73C71D00D2625B /* PBXContainerItemProxy */ = {
			isa = PBXContainerItemProxy;
			containerPortal = C09A31EF1B73C71D00D2625B /* Project object */;
			proxyType = 1;
			remoteGlobalIDString = C09A31F61B73C71D00D2625B;
			remoteInfo = "kvc传递消息";
		};
/* End PBXContainerItemProxy section */

/* Begin PBXFileReference section */
		C09A31F71B73C71D00D2625B /* kvc传递消息.app */ = {isa = PBXFileReference; explicitFileType = wrapper.application; includeInIndex = 0; path = "kvc传递消息.app"; sourceTree = BUILT_PRODUCTS_DIR; };
		C09A31FB1B73C71D00D2625B /* Info.plist */ = {isa = PBXFileReference; lastKnownFileType = text.plist.xml; path = Info.plist; sourceTree = "<group>"; };
		C09A31FC1B73C71D00D2625B /* main.m */ = {isa = PBXFileReference; lastKnownFileType = sourcecode.c.objc; path = main.m; sourceTree = "<group>"; };
		C09A31FE1B73C71D00D2625B /* AppDelegate.h */ = {isa = PBXFileReference; lastKnownFileType = sourcecode.c.h; path = AppDelegate.h; sourceTree = "<group>"; };
		C09A31FF1B73C71D00D2625B /* AppDelegate.m */ = {isa = PBXFileReference; lastKnownFileType = sourcecode.c.objc; path = AppDelegate.m; sourceTree = "<group>"; };
		C09A32011B73C71D00D2625B /* ViewController.h */ = {isa = PBXFileReference; lastKnownFileType = sourcecode.c.h; path = ViewController.h; sourceTree = "<group>"; };
		C09A32021B73C71D00D2625B /* ViewController.m */ = {isa = PBXFileReference; lastKnownFileType = sourcecode.c.objc; path = ViewController.m; sourceTree = "<group>"; };
		C09A32051B73C71D00D2625B /* Base */ = {isa = PBXFileReference; lastKnownFileType = file.storyboard; name = Base; path = Base.lproj/Main.storyboard; sourceTree = "<group>"; };
		C09A32071B73C71D00D2625B /* Images.xcassets */ = {isa = PBXFileReference; lastKnownFileType = folder.assetcatalog; path = Images.xcassets; sourceTree = "<group>"; };
		C09A320A1B73C71D00D2625B /* Base */ = {isa = PBXFileReference; lastKnownFileType = file.xib; name = Base; path = Base.lproj/LaunchScreen.xib; sourceTree = "<group>"; };
		C09A32101B73C71D00D2625B /* kvc传递消息Tests.xctest */ = {isa = PBXFileReference; explicitFileType = wrapper.cfbundle; includeInIndex = 0; path = "kvc传递消息Tests.xctest"; sourceTree = BUILT_PRODUCTS_DIR; };
		C09A32151B73C71D00D2625B /* Info.plist */ = {isa = PBXFileReference; lastKnownFileType = text.plist.xml; path = Info.plist; sourceTree = "<group>"; };
		C09A32161B73C71D00D2625B /* kvc____Tests.m */ = {isa = PBXFileReference; lastKnownFileType = sourcecode.c.objc; path = "kvc____Tests.m"; sourceTree = "<group>"; };
/* End PBXFileReference section */

/* Begin PBXFrameworksBuildPhase section */
		C09A31F41B73C71D00D2625B /* Frameworks */ = {
			isa = PBXFrameworksBuildPhase;
			buildActionMask = 2147483647;
			files = (
			);
			runOnlyForDeploymentPostprocessing = 0;
		};
		C09A320D1B73C71D00D2625B /* Frameworks */ = {
			isa = PBXFrameworksBuildPhase;
			buildActionMask = 2147483647;
			files = (
			);
			runOnlyForDeploymentPostprocessing = 0;
		};
/* End PBXFrameworksBuildPhase section */

/* Begin PBXGroup section */
		C09A31EE1B73C71D00D2625B = {
			isa = PBXGroup;
			children = (
				C09A31F91B73C71D00D2625B /* kvc传递消息 */,
				C09A32131B73C71D00D2625B /* kvc传递消息Tests */,
				C09A31F81B73C71D00D2625B /* Products */,
			);
			sourceTree = "<group>";
		};
		C09A31F81B73C71D00D2625B /* Products */ = {
			isa = PBXGroup;
			children = (
				C09A31F71B73C71D00D2625B /* kvc传递消息.app */,
				C09A32101B73C71D00D2625B /* kvc传递消息Tests.xctest */,
			);
			name = Products;
			sourceTree = "<group>";
		};
		C09A31F91B73C71D00D2625B /* kvc传递消息 */ = {
			isa = PBXGroup;
			children = (
				C09A31FE1B73C71D00D2625B /* AppDelegate.h */,
				C09A31FF1B73C71D00D2625B /* AppDelegate.m */,
				C09A32011B73C71D00D2625B /* ViewController.h */,
				C09A32021B73C71D00D2625B /* ViewController.m */,
				C09A32041B73C71D00D2625B /* Main.storyboard */,
				C09A32071B73C71D00D2625B /* Images.xcassets */,
				C09A32091B73C71D00D2625B /* LaunchScreen.xib */,
				C09A31FA1B73C71D00D2625B /* Supporting Files */,
			);
			path = "kvc传递消息";
			sourceTree = "<group>";
		};
		C09A31FA1B73C71D00D2625B /* Supporting Files */ = {
			isa = PBXGroup;
			children = (
				C09A31FB1B73C71D00D2625B /* Info.plist */,
				C09A31FC1B73C71D00D2625B /* main.m */,
			);
			name = "Supporting Files";
			sourceTree = "<group>";
		};
		C09A32131B73C71D00D2625B /* kvc传递消息Tests */ = {
			isa = PBXGroup;
			children = (
				C09A32161B73C71D00D2625B /* kvc____Tests.m */,
				C09A32141B73C71D00D2625B /* Supporting Files */,
			);
			path = "kvc传递消息Tests";
			sourceTree = "<group>";
		};
		C09A32141B73C71D00D2625B /* Supporting Files */ = {
			isa = PBXGroup;
			children = (
				C09A32151B73C71D00D2625B /* Info.plist */,
			);
			name = "Supporting Files";
			sourceTree = "<group>";
		};
/* End PBXGroup section */

/* Begin PBXNativeTarget section */
		C09A31F61B73C71D00D2625B /* kvc传递消息 */ = {
			isa = PBXNativeTarget;
			buildConfigurationList = C09A321A1B73C71D00D2625B /* Build configuration list for PBXNativeTarget "kvc传递消息" */;
			buildPhases = (
				C09A31F31B73C71D00D2625B /* Sources */,
				C09A31F41B73C71D00D2625B /* Frameworks */,
				C09A31F51B73C71D00D2625B /* Resources */,
			);
			buildRules = (
			);
			dependencies = (
			);
			name = "kvc传递消息";
			productName = "kvc传递消息";
			productReference = C09A31F71B73C71D00D2625B /* kvc传递消息.app */;
			productType = "com.apple.product-type.application";
		};
		C09A320F1B73C71D00D2625B /* kvc传递消息Tests */ = {
			isa = PBXNativeTarget;
			buildConfigurationList = C09A321D1B73C71D00D2625B /* Build configuration list for PBXNativeTarget "kvc传递消息Tests" */;
			buildPhases = (
				C09A320C1B73C71D00D2625B /* Sources */,
				C09A320D1B73C71D00D2625B /* Frameworks */,
				C09A320E1B73C71D00D2625B /* Resources */,
			);
			buildRules = (
			);
			dependencies = (
				C09A32121B73C71D00D2625B /* PBXTargetDependency */,
			);
			name = "kvc传递消息Tests";
			productName = "kvc传递消息Tests";
			productReference = C09A32101B73C71D00D2625B /* kvc传递消息Tests.xctest */;
			productType = "com.apple.product-type.bundle.unit-test";
		};
/* End PBXNativeTarget section */

/* Begin PBXProject section */
		C09A31EF1B73C71D00D2625B /* Project object */ = {
			isa = PBXProject;
			attributes = {
				LastUpgradeCheck = 0630;
				ORGANIZATIONNAME = "栾有数";
				TargetAttributes = {
					C09A31F61B73C71D00D2625B = {
						CreatedOnToolsVersion = 6.3.2;
					};
					C09A320F1B73C71D00D2625B = {
						CreatedOnToolsVersion = 6.3.2;
						TestTargetID = C09A31F61B73C71D00D2625B;
					};
				};
			};
			buildConfigurationList = C09A31F21B73C71D00D2625B /* Build configuration list for PBXProject "kvc传递消息" */;
			compatibilityVersion = "Xcode 3.2";
			developmentRegion = English;
			hasScannedForEncodings = 0;
			knownRegions = (
				en,
				Base,
			);
			mainGroup = C09A31EE1B73C71D00D2625B;
			productRefGroup = C09A31F81B73C71D00D2625B /* Products */;
			projectDirPath = "";
			projectRoot = "";
			targets = (
				C09A31F61B73C71D00D2625B /* kvc传递消息 */,
				C09A320F1B73C71D00D2625B /* kvc传递消息Tests */,
			);
		};
/* End PBXProject section */

/* Begin PBXResourcesBuildPhase section */
		C09A31F51B73C71D00D2625B /* Resources */ = {
			isa = PBXResourcesBuildPhase;
			buildActionMask = 2147483647;
			files = (
				C09A32061B73C71D00D2625B /* Main.storyboard in Resources */,
				C09A320B1B73C71D00D2625B /* LaunchScreen.xib in Resources */,
				C09A32081B73C71D00D2625B /* Images.xcassets in Resources */,
			);
			runOnlyForDeploymentPostprocessing = 0;
		};
		C09A320E1B73C71D00D2625B /* Resources */ = {
			isa = PBXResourcesBuildPhase;
			buildActionMask = 2147483647;
			files = (
			);
			runOnlyForDeploymentPostprocessing = 0;
		};
/* End PBXResourcesBuildPhase section */

/* Begin PBXSourcesBuildPhase section */
		C09A31F31B73C71D00D2625B /* Sources */ = {
			isa = PBXSourcesBuildPhase;
			buildActionMask = 2147483647;
			files = (
				C09A32031B73C71D00D2625B /* ViewController.m in Sources */,
				C09A32001B73C71D00D2625B /* AppDelegate.m in Sources */,
				C09A31FD1B73C71D00D2625B /* main.m in Sources */,
			);
			runOnlyForDeploymentPostprocessing = 0;
		};
		C09A320C1B73C71D00D2625B /* Sources */ = {
			isa = PBXSourcesBuildPhase;
			buildActionMask = 2147483647;
			files = (
				C09A32171B73C71D00D2625B /* kvc____Tests.m in Sources */,
			);
			runOnlyForDeploymentPostprocessing = 0;
		};
/* End PBXSourcesBuildPhase section */

/* Begin PBXTargetDependency section */
		C09A32121B73C71D00D2625B /* PBXTargetDependency */ = {
			isa = PBXTargetDependency;
			target = C09A31F61B73C71D00D2625B /* kvc传递消息 */;
			targetProxy = C09A32111B73C71D00D2625B /* PBXContainerItemProxy */;
		};
/* End PBXTargetDependency section */

/* Begin PBXVariantGroup section */
		C09A32041B73C71D00D2625B /* Main.storyboard */ = {
			isa = PBXVariantGroup;
			children = (
				C09A32051B73C71D00D2625B /* Base */,
			);
			name = Main.storyboard;
			sourceTree = "<group>";
		};
		C09A32091B73C71D00D2625B /* LaunchScreen.xib */ = {
			isa = PBXVariantGroup;
			children = (
				C09A320A1B73C71D00D2625B /* Base */,
			);
			name = LaunchScreen.xib;
			sourceTree = "<group>";
		};
/* End PBXVariantGroup section */

/* Begin XCBuildConfiguration section */
		C09A32181B73C71D00D2625B /* Debug */ = {
			isa = XCBuildConfiguration;
			buildSettings = {
				ALWAYS_SEARCH_USER_PATHS = NO;
				CLANG_CXX_LANGUAGE_STANDARD = "gnu++0x";
				CLANG_CXX_LIBRARY = "libc++";
				CLANG_ENABLE_MODULES = YES;
				CLANG_ENABLE_OBJC_ARC = YES;
				CLANG_WARN_BOOL_CONVERSION = YES;
				CLANG_WARN_CONSTANT_CONVERSION = YES;
				CLANG_WARN_DIRECT_OBJC_ISA_USAGE = YES_ERROR;
				CLANG_WARN_EMPTY_BODY = YES;
				CLANG_WARN_ENUM_CONVERSION = YES;
				CLANG_WARN_INT_CONVERSION = YES;
				CLANG_WARN_OBJC_ROOT_CLASS = YES_ERROR;
				CLANG_WARN_UNREACHABLE_CODE = YES;
				CLANG_WARN__DUPLICATE_METHOD_MATCH = YES;
				"CODE_SIGN_IDENTITY[sdk=iphoneos*]" = "iPhone Developer";
				COPY_PHASE_STRIP = NO;
				DEBUG_INFORMATION_FORMAT = "dwarf-with-dsym";
				ENABLE_STRICT_OBJC_MSGSEND = YES;
				GCC_C_LANGUAGE_STANDARD = gnu99;
				GCC_DYNAMIC_NO_PIC = NO;
				GCC_NO_COMMON_BLOCKS = YES;
				GCC_OPTIMIZATION_LEVEL = 0;
				GCC_PREPROCESSOR_DEFINITIONS = (
					"DEBUG=1",
					"$(inherited)",
				);
				GCC_SYMBOLS_PRIVATE_EXTERN = NO;
				GCC_WARN_64_TO_32_BIT_CONVERSION = YES;
				GCC_WARN_ABOUT_RETURN_TYPE = YES_ERROR;
				GCC_WARN_UNDECLARED_SELECTOR = YES;
				GCC_WARN_UNINITIALIZED_AUTOS = YES_AGGRESSIVE;
				GCC_WARN_UNUSED_FUNCTION = YES;
				GCC_WARN_UNUSED_VARIABLE = YES;
				IPHONEOS_DEPLOYMENT_TARGET = 8.3;
				MTL_ENABLE_DEBUG_INFO = YES;
				ONLY_ACTIVE_ARCH = YES;
				SDKROOT = iphoneos;
			};
			name = Debug;
		};
		C09A32191B73C71D00D2625B /* Release */ = {
			isa = XCBuildConfiguration;
			buildSettings = {
				ALWAYS_SEARCH_USER_PATHS = NO;
				CLANG_CXX_LANGUAGE_STANDARD = "gnu++0x";
				CLANG_CXX_LIBRARY = "libc++";
				CLANG_ENABLE_MODULES = YES;
				CLANG_ENABLE_OBJC_ARC = YES;
				CLANG_WARN_BOOL_CONVERSION = YES;
				CLANG_WARN_CONSTANT_CONVERSION = YES;
				CLANG_WARN_DIRECT_OBJC_ISA_USAGE = YES_ERROR;
				CLANG_WARN_EMPTY_BODY = YES;
				CLANG_WARN_ENUM_CONVERSION = YES;
				CLANG_WARN_INT_CONVERSION = YES;
				CLANG_WARN_OBJC_ROOT_CLASS = YES_ERROR;
				CLANG_WARN_UNREACHABLE_CODE = YES;
				CLANG_WARN__DUPLICATE_METHOD_MATCH = YES;
				"CODE_SIGN_IDENTITY[sdk=iphoneos*]" = "iPhone Developer";
				COPY_PHASE_STRIP = NO;
				DEBUG_INFORMATION_FORMAT = "dwarf-with-dsym";
				ENABLE_NS_ASSERTIONS = NO;
				ENABLE_STRICT_OBJC_MSGSEND = YES;
				GCC_C_LANGUAGE_STANDARD = gnu99;
				GCC_NO_COMMON_BLOCKS = YES;
				GCC_WARN_64_TO_32_BIT_CONVERSION = YES;
				GCC_WARN_ABOUT_RETURN_TYPE = YES_ERROR;
				GCC_WARN_UNDECLARED_SELECTOR = YES;
				GCC_WARN_UNINITIALIZED_AUTOS = YES_AGGRESSIVE;
				GCC_WARN_UNUSED_FUNCTION = YES;
				GCC_WARN_UNUSED_VARIABLE = YES;
				IPHONEOS_DEPLOYMENT_TARGET = 8.3;
				MTL_ENABLE_DEBUG_INFO = NO;
				SDKROOT = iphoneos;
				VALIDATE_PRODUCT = YES;
			};
			name = Release;
		};
		C09A321B1B73C71D00D2625B /* Debug */ = {
			isa = XCBuildConfiguration;
			buildSettings = {
				ASSETCATALOG_COMPILER_APPICON_NAME = AppIcon;
				INFOPLIST_FILE = "kvc传递消息/Info.plist";
				LD_RUNPATH_SEARCH_PATHS = "$(inherited) @executable_path/Frameworks";
				PRODUCT_NAME = "$(TARGET_NAME)";
			};
			name = Debug;
		};
		C09A321C1B73C71D00D2625B /* Release */ = {
			isa = XCBuildConfiguration;
			buildSettings = {
				ASSETCATALOG_COMPILER_APPICON_NAME = AppIcon;
				INFOPLIST_FILE = "kvc传递消息/Info.plist";
				LD_RUNPATH_SEARCH_PATHS = "$(inherited) @executable_path/Frameworks";
				PRODUCT_NAME = "$(TARGET_NAME)";
			};
			name = Release;
		};
		C09A321E1B73C71D00D2625B /* Debug */ = {
			isa = XCBuildConfiguration;
			buildSettings = {
				BUNDLE_LOADER = "$(TEST_HOST)";
				FRAMEWORK_SEARCH_PATHS = (
					"$(SDKROOT)/Developer/Library/Frameworks",
					"$(inherited)",
				);
				GCC_PREPROCESSOR_DEFINITIONS = (
					"DEBUG=1",
					"$(inherited)",
				);
				INFOPLIST_FILE = "kvc传递消息Tests/Info.plist";
				LD_RUNPATH_SEARCH_PATHS = "$(inherited) @executable_path/Frameworks @loader_path/Frameworks";
				PRODUCT_NAME = "$(TARGET_NAME)";
				TEST_HOST = "$(BUILT_PRODUCTS_DIR)/kvc传递消息.app/kvc传递消息";
			};
			name = Debug;
		};
		C09A321F1B73C71D00D2625B /* Release */ = {
			isa = XCBuildConfiguration;
			buildSettings = {
				BUNDLE_LOADER = "$(TEST_HOST)";
				FRAMEWORK_SEARCH_PATHS = (
					"$(SDKROOT)/Developer/Library/Frameworks",
					"$(inherited)",
				);
				INFOPLIST_FILE = "kvc传递消息Tests/Info.plist";
				LD_RUNPATH_SEARCH_PATHS = "$(inherited) @executable_path/Frameworks @loader_path/Frameworks";
				PRODUCT_NAME = "$(TARGET_NAME)";
				TEST_HOST = "$(BUILT_PRODUCTS_DIR)/kvc传递消息.app/kvc传递消息";
			};
			name = Release;
		};
/* End XCBuildConfiguration section */

/* Begin XCConfigurationList section */
		C09A31F21B73C71D00D2625B /* Build configuration list for PBXProject "kvc传递消息" */ = {
			isa = XCConfigurationList;
			buildConfigurations = (
				C09A32181B73C71D00D2625B /* Debug */,
				C09A32191B73C71D00D2625B /* Release */,
			);
			defaultConfigurationIsVisible = 0;
			defaultConfigurationName = Release;
		};
		C09A321A1B73C71D00D2625B /* Build configuration list for PBXNativeTarget "kvc传递消息" */ = {
			isa = XCConfigurationList;
			buildConfigurations = (
				C09A321B1B73C71D00D2625B /* Debug */,
				C09A321C1B73C71D00D2625B /* Release */,
			);
			defaultConfigurationIsVisible = 0;
		};
		C09A321D1B73C71D00D2625B /* Build configuration list for PBXNativeTarget "kvc传递消息Tests" */ = {
			isa = XCConfigurationList;
			buildConfigurations = (
				C09A321E1B73C71D00D2625B /* Debug */,
				C09A321F1B73C71D00D2625B /* Release */,
			);
			defaultConfigurationIsVisible = 0;
		};
/* End XCConfigurationList section */
	};
	rootObject = C09A31EF1B73C71D00D2625B /* Project object */;
}
